{
  "pins" : [
    {
      "identity" : "elementkit",
      "kind" : "remoteSourceControl",
      "location" : "https://github.com/practice20200/ElementKit",
      "state" : {
        "revision" : "bff28f2936db5b9471a312daa5cba06159bada07",
        "version" : "1.0.1"
      }
    },
    {
      "identity" : "lottie-ios",
      "kind" : "remoteSourceControl",
      "location" : "https://github.com/airbnb/lottie-ios",
      "state" : {
        "revision" : "4a6058cbbdfe4f74aeae92c8bd51ad3b0de2a1ee",
        "version" : "3.3.0"
      }
    }
  ],
  "version" : 2
}
