// !$*UTF8*$!
{
	archiveVersion = 1;
	classes = {
	};
	objectVersion = 55;
	objects = {

/* Begin PBXBuildFile section */
		B371DACD280798FC002065C0 /* AppDelegate.swift in Sources */ = {isa = PBXBuildFile; fileRef = B371DACC280798FC002065C0 /* AppDelegate.swift */; };
		B371DACF280798FC002065C0 /* SceneDelegate.swift in Sources */ = {isa = PBXBuildFile; fileRef = B371DACE280798FC002065C0 /* SceneDelegate.swift */; };
		B371DAD1280798FC002065C0 /* ViewController.swift in Sources */ = {isa = PBXBuildFile; fileRef = B371DAD0280798FC002065C0 /* ViewController.swift */; };
		B371DAD4280798FC002065C0 /* Main.storyboard in Resources */ = {isa = PBXBuildFile; fileRef = B371DAD2280798FC002065C0 /* Main.storyboard */; };
		B371DAD628079905002065C0 /* Assets.xcassets in Resources */ = {isa = PBXBuildFile; fileRef = B371DAD528079905002065C0 /* Assets.xcassets */; };
		B371DAD928079905002065C0 /* LaunchScreen.storyboard in Resources */ = {isa = PBXBuildFile; fileRef = B371DAD728079905002065C0 /* LaunchScreen.storyboard */; };
		B371DAE128079B9E002065C0 /* MyReminder.swift in Sources */ = {isa = PBXBuildFile; fileRef = B371DAE028079B9E002065C0 /* MyReminder.swift */; };
		B371DAE328079DA0002065C0 /* ViewControllerTableViewCell.swift in Sources */ = {isa = PBXBuildFile; fileRef = B371DAE228079DA0002065C0 /* ViewControllerTableViewCell.swift */; };
/* End PBXBuildFile section */

/* Begin PBXFileReference section */
		B371DAC9280798FC002065C0 /* CalendarPracticeCalendarKit.app */ = {isa = PBXFileReference; explicitFileType = wrapper.application; includeInIndex = 0; path = CalendarPracticeCalendarKit.app; sourceTree = BUILT_PRODUCTS_DIR; };
		B371DACC280798FC002065C0 /* AppDelegate.swift */ = {isa = PBXFileReference; lastKnownFileType = sourcecode.swift; path = AppDelegate.swift; sourceTree = "<group>"; };
		B371DACE280798FC002065C0 /* SceneDelegate.swift */ = {isa = PBXFileReference; lastKnownFileType = sourcecode.swift; path = SceneDelegate.swift; sourceTree = "<group>"; };
		B371DAD0280798FC002065C0 /* ViewController.swift */ = {isa = PBXFileReference; lastKnownFileType = sourcecode.swift; path = ViewController.swift; sourceTree = "<group>"; };
		B371DAD3280798FC002065C0 /* Base */ = {isa = PBXFileReference; lastKnownFileType = file.storyboard; name = Base; path = Base.lproj/Main.storyboard; sourceTree = "<group>"; };
		B371DAD528079905002065C0 /* Assets.xcassets */ = {isa = PBXFileReference; lastKnownFileType = folder.assetcatalog; path = Assets.xcassets; sourceTree = "<group>"; };
		B371DAD828079905002065C0 /* Base */ = {isa = PBXFileReference; lastKnownFileType = file.storyboard; name = Base; path = Base.lproj/LaunchScreen.storyboard; sourceTree = "<group>"; };
		B371DADA28079905002065C0 /* Info.plist */ = {isa = PBXFileReference; lastKnownFileType = text.plist.xml; path = Info.plist; sourceTree = "<group>"; };
		B371DAE028079B9E002065C0 /* MyReminder.swift */ = {isa = PBXFileReference; lastKnownFileType = sourcecode.swift; path = MyReminder.swift; sourceTree = "<group>"; };
		B371DAE228079DA0002065C0 /* ViewControllerTableViewCell.swift */ = {isa = PBXFileReference; lastKnownFileType = sourcecode.swift; path = ViewControllerTableViewCell.swift; sourceTree = "<group>"; };
/* End PBXFileReference section */

/* Begin PBXFrameworksBuildPhase section */
		B371DAC6280798FC002065C0 /* Frameworks */ = {
			isa = PBXFrameworksBuildPhase;
			buildActionMask = 2147483647;
			files = (
			);
			runOnlyForDeploymentPostprocessing = 0;
		};
/* End PBXFrameworksBuildPhase section */

/* Begin PBXGroup section */
		B371DAC0280798FC002065C0 = {
			isa = PBXGroup;
			children = (
				B371DACB280798FC002065C0 /* CalendarPracticeCalendarKit */,
				B371DACA280798FC002065C0 /* Products */,
			);
			sourceTree = "<group>";
		};
		B371DACA280798FC002065C0 /* Products */ = {
			isa = PBXGroup;
			children = (
				B371DAC9280798FC002065C0 /* CalendarPracticeCalendarKit.app */,
			);
			name = Products;
			sourceTree = "<group>";
		};
		B371DACB280798FC002065C0 /* CalendarPracticeCalendarKit */ = {
			isa = PBXGroup;
			children = (
				B371DAE628079DD7002065C0 /* ViewModel */,
				B371DAE528079DC1002065C0 /* Model */,
				B371DAE428079DA8002065C0 /* Controller */,
				B371DACC280798FC002065C0 /* AppDelegate.swift */,
				B371DACE280798FC002065C0 /* SceneDelegate.swift */,
				B371DAD2280798FC002065C0 /* Main.storyboard */,
				B371DAD528079905002065C0 /* Assets.xcassets */,
				B371DAD728079905002065C0 /* LaunchScreen.storyboard */,
				B371DADA28079905002065C0 /* Info.plist */,
			);
			path = CalendarPracticeCalendarKit;
			sourceTree = "<group>";
		};
		B371DAE428079DA8002065C0 /* Controller */ = {
			isa = PBXGroup;
			children = (
				B371DAD0280798FC002065C0 /* ViewController.swift */,
			);
			path = Controller;
			sourceTree = "<group>";
		};
		B371DAE528079DC1002065C0 /* Model */ = {
			isa = PBXGroup;
			children = (
				B371DAE028079B9E002065C0 /* MyReminder.swift */,
			);
			path = Model;
			sourceTree = "<group>";
		};
		B371DAE628079DD7002065C0 /* ViewModel */ = {
			isa = PBXGroup;
			children = (
				B371DAE228079DA0002065C0 /* ViewControllerTableViewCell.swift */,
			);
			path = ViewModel;
			sourceTree = "<group>";
		};
/* End PBXGroup section */

/* Begin PBXNativeTarget section */
		B371DAC8280798FC002065C0 /* CalendarPracticeCalendarKit */ = {
			isa = PBXNativeTarget;
			buildConfigurationList = B371DADD28079905002065C0 /* Build configuration list for PBXNativeTarget "CalendarPracticeCalendarKit" */;
			buildPhases = (
				B371DAC5280798FC002065C0 /* Sources */,
				B371DAC6280798FC002065C0 /* Frameworks */,
				B371DAC7280798FC002065C0 /* Resources */,
			);
			buildRules = (
			);
			dependencies = (
			);
			name = CalendarPracticeCalendarKit;
			productName = CalendarPracticeCalendarKit;
			productReference = B371DAC9280798FC002065C0 /* CalendarPracticeCalendarKit.app */;
			productType = "com.apple.product-type.application";
		};
/* End PBXNativeTarget section */

/* Begin PBXProject section */
		B371DAC1280798FC002065C0 /* Project object */ = {
			isa = PBXProject;
			attributes = {
				BuildIndependentTargetsInParallel = 1;
				LastSwiftUpdateCheck = 1330;
				LastUpgradeCheck = 1330;
				TargetAttributes = {
					B371DAC8280798FC002065C0 = {
						CreatedOnToolsVersion = 13.3;
					};
				};
			};
			buildConfigurationList = B371DAC4280798FC002065C0 /* Build configuration list for PBXProject "CalendarPracticeCalendarKit" */;
			compatibilityVersion = "Xcode 13.0";
			developmentRegion = en;
			hasScannedForEncodings = 0;
			knownRegions = (
				en,
				Base,
			);
			mainGroup = B371DAC0280798FC002065C0;
			productRefGroup = B371DACA280798FC002065C0 /* Products */;
			projectDirPath = "";
			projectRoot = "";
			targets = (
				B371DAC8280798FC002065C0 /* CalendarPracticeCalendarKit */,
			);
		};
/* End PBXProject section */

/* Begin PBXResourcesBuildPhase section */
		B371DAC7280798FC002065C0 /* Resources */ = {
			isa = PBXResourcesBuildPhase;
			buildActionMask = 2147483647;
			files = (
				B371DAD928079905002065C0 /* LaunchScreen.storyboard in Resources */,
				B371DAD628079905002065C0 /* Assets.xcassets in Resources */,
				B371DAD4280798FC002065C0 /* Main.storyboard in Resources */,
			);
			runOnlyForDeploymentPostprocessing = 0;
		};
/* End PBXResourcesBuildPhase section */

/* Begin PBXSourcesBuildPhase section */
		B371DAC5280798FC002065C0 /* Sources */ = {
			isa = PBXSourcesBuildPhase;
			buildActionMask = 2147483647;
			files = (
				B371DAD1280798FC002065C0 /* ViewController.swift in Sources */,
				B371DACD280798FC002065C0 /* AppDelegate.swift in Sources */,
				B371DAE328079DA0002065C0 /* ViewControllerTableViewCell.swift in Sources */,
				B371DACF280798FC002065C0 /* SceneDelegate.swift in Sources */,
				B371DAE128079B9E002065C0 /* MyReminder.swift in Sources */,
			);
			runOnlyForDeploymentPostprocessing = 0;
		};
/* End PBXSourcesBuildPhase section */

/* Begin PBXVariantGroup section */
		B371DAD2280798FC002065C0 /* Main.storyboard */ = {
			isa = PBXVariantGroup;
			children = (
				B371DAD3280798FC002065C0 /* Base */,
			);
			name = Main.storyboard;
			sourceTree = "<group>";
		};
		B371DAD728079905002065C0 /* LaunchScreen.storyboard */ = {
			isa = PBXVariantGroup;
			children = (
				B371DAD828079905002065C0 /* Base */,
			);
			name = LaunchScreen.storyboard;
			sourceTree = "<group>";
		};
/* End PBXVariantGroup section */

/* Begin XCBuildConfiguration section */
		B371DADB28079905002065C0 /* Debug */ = {
			isa = XCBuildConfiguration;
			buildSettings = {
				ALWAYS_SEARCH_USER_PATHS = NO;
				CLANG_ANALYZER_NONNULL = YES;
				CLANG_ANALYZER_NUMBER_OBJECT_CONVERSION = YES_AGGRESSIVE;
				CLANG_CXX_LANGUAGE_STANDARD = "gnu++17";
				CLANG_ENABLE_MODULES = YES;
				CLANG_ENABLE_OBJC_ARC = YES;
				CLANG_ENABLE_OBJC_WEAK = YES;
				CLANG_WARN_BLOCK_CAPTURE_AUTORELEASING = YES;
				CLANG_WARN_BOOL_CONVERSION = YES;
				CLANG_WARN_COMMA = YES;
				CLANG_WARN_CONSTANT_CONVERSION = YES;
				CLANG_WARN_DEPRECATED_OBJC_IMPLEMENTATIONS = YES;
				CLANG_WARN_DIRECT_OBJC_ISA_USAGE = YES_ERROR;
				CLANG_WARN_DOCUMENTATION_COMMENTS = YES;
				CLANG_WARN_EMPTY_BODY = YES;
				CLANG_WARN_ENUM_CONVERSION = YES;
				CLANG_WARN_INFINITE_RECURSION = YES;
				CLANG_WARN_INT_CONVERSION = YES;
				CLANG_WARN_NON_LITERAL_NULL_CONVERSION = YES;
				CLANG_WARN_OBJC_IMPLICIT_RETAIN_SELF = YES;
				CLANG_WARN_OBJC_LITERAL_CONVERSION = YES;
				CLANG_WARN_OBJC_ROOT_CLASS = YES_ERROR;
				CLANG_WARN_QUOTED_INCLUDE_IN_FRAMEWORK_HEADER = YES;
				CLANG_WARN_RANGE_LOOP_ANALYSIS = YES;
				CLANG_WARN_STRICT_PROTOTYPES = YES;
				CLANG_WARN_SUSPICIOUS_MOVE = YES;
				CLANG_WARN_UNGUARDED_AVAILABILITY = YES_AGGRESSIVE;
				CLANG_WARN_UNREACHABLE_CODE = YES;
				CLANG_WARN__DUPLICATE_METHOD_MATCH = YES;
				COPY_PHASE_STRIP = NO;
				DEBUG_INFORMATION_FORMAT = dwarf;
				ENABLE_STRICT_OBJC_MSGSEND = YES;
				ENABLE_TESTABILITY = YES;
				GCC_C_LANGUAGE_STANDARD = gnu11;
				GCC_DYNAMIC_NO_PIC = NO;
				GCC_NO_COMMON_BLOCKS = YES;
				GCC_OPTIMIZATION_LEVEL = 0;
				GCC_PREPROCESSOR_DEFINITIONS = (
					"DEBUG=1",
					"$(inherited)",
				);
				GCC_WARN_64_TO_32_BIT_CONVERSION = YES;
				GCC_WARN_ABOUT_RETURN_TYPE = YES_ERROR;
				GCC_WARN_UNDECLARED_SELECTOR = YES;
				GCC_WARN_UNINITIALIZED_AUTOS = YES_AGGRESSIVE;
				GCC_WARN_UNUSED_FUNCTION = YES;
				GCC_WARN_UNUSED_VARIABLE = YES;
				IPHONEOS_DEPLOYMENT_TARGET = 15.4;
				MTL_ENABLE_DEBUG_INFO = INCLUDE_SOURCE;
				MTL_FAST_MATH = YES;
				ONLY_ACTIVE_ARCH = YES;
				SDKROOT = iphoneos;
				SWIFT_ACTIVE_COMPILATION_CONDITIONS = DEBUG;
				SWIFT_OPTIMIZATION_LEVEL = "-Onone";
			};
			name = Debug;
		};
		B371DADC28079905002065C0 /* Release */ = {
			isa = XCBuildConfiguration;
			buildSettings = {
				ALWAYS_SEARCH_USER_PATHS = NO;
				CLANG_ANALYZER_NONNULL = YES;
				CLANG_ANALYZER_NUMBER_OBJECT_CONVERSION = YES_AGGRESSIVE;
				CLANG_CXX_LANGUAGE_STANDARD = "gnu++17";
				CLANG_ENABLE_MODULES = YES;
				CLANG_ENABLE_OBJC_ARC = YES;
				CLANG_ENABLE_OBJC_WEAK = YES;
				CLANG_WARN_BLOCK_CAPTURE_AUTORELEASING = YES;
				CLANG_WARN_BOOL_CONVERSION = YES;
				CLANG_WARN_COMMA = YES;
				CLANG_WARN_CONSTANT_CONVERSION = YES;
				CLANG_WARN_DEPRECATED_OBJC_IMPLEMENTATIONS = YES;
				CLANG_WARN_DIRECT_OBJC_ISA_USAGE = YES_ERROR;
				CLANG_WARN_DOCUMENTATION_COMMENTS = YES;
				CLANG_WARN_EMPTY_BODY = YES;
				CLANG_WARN_ENUM_CONVERSION = YES;
				CLANG_WARN_INFINITE_RECURSION = YES;
				CLANG_WARN_INT_CONVERSION = YES;
				CLANG_WARN_NON_LITERAL_NULL_CONVERSION = YES;
				CLANG_WARN_OBJC_IMPLICIT_RETAIN_SELF = YES;
				CLANG_WARN_OBJC_LITERAL_CONVERSION = YES;
				CLANG_WARN_OBJC_ROOT_CLASS = YES_ERROR;
				CLANG_WARN_QUOTED_INCLUDE_IN_FRAMEWORK_HEADER = YES;
				CLANG_WARN_RANGE_LOOP_ANALYSIS = YES;
				CLANG_WARN_STRICT_PROTOTYPES = YES;
				CLANG_WARN_SUSPICIOUS_MOVE = YES;
				CLANG_WARN_UNGUARDED_AVAILABILITY = YES_AGGRESSIVE;
				CLANG_WARN_UNREACHABLE_CODE = YES;
				CLANG_WARN__DUPLICATE_METHOD_MATCH = YES;
				COPY_PHASE_STRIP = NO;
				DEBUG_INFORMATION_FORMAT = "dwarf-with-dsym";
				ENABLE_NS_ASSERTIONS = NO;
				ENABLE_STRICT_OBJC_MSGSEND = YES;
				GCC_C_LANGUAGE_STANDARD = gnu11;
				GCC_NO_COMMON_BLOCKS = YES;
				GCC_WARN_64_TO_32_BIT_CONVERSION = YES;
				GCC_WARN_ABOUT_RETURN_TYPE = YES_ERROR;
				GCC_WARN_UNDECLARED_SELECTOR = YES;
				GCC_WARN_UNINITIALIZED_AUTOS = YES_AGGRESSIVE;
				GCC_WARN_UNUSED_FUNCTION = YES;
				GCC_WARN_UNUSED_VARIABLE = YES;
				IPHONEOS_DEPLOYMENT_TARGET = 15.4;
				MTL_ENABLE_DEBUG_INFO = NO;
				MTL_FAST_MATH = YES;
				SDKROOT = iphoneos;
				SWIFT_COMPILATION_MODE = wholemodule;
				SWIFT_OPTIMIZATION_LEVEL = "-O";
				VALIDATE_PRODUCT = YES;
			};
			name = Release;
		};
		B371DADE28079905002065C0 /* Debug */ = {
			isa = XCBuildConfiguration;
			buildSettings = {
				ASSETCATALOG_COMPILER_APPICON_NAME = AppIcon;
				ASSETCATALOG_COMPILER_GLOBAL_ACCENT_COLOR_NAME = AccentColor;
				CODE_SIGN_STYLE = Automatic;
				CURRENT_PROJECT_VERSION = 1;
				GENERATE_INFOPLIST_FILE = YES;
				INFOPLIST_FILE = CalendarPracticeCalendarKit/Info.plist;
				INFOPLIST_KEY_UIApplicationSupportsIndirectInputEvents = YES;
				INFOPLIST_KEY_UILaunchStoryboardName = LaunchScreen;
				INFOPLIST_KEY_UIMainStoryboardFile = Main;
				INFOPLIST_KEY_UISupportedInterfaceOrientations_iPad = "UIInterfaceOrientationPortrait UIInterfaceOrientationPortraitUpsideDown UIInterfaceOrientationLandscapeLeft UIInterfaceOrientationLandscapeRight";
				INFOPLIST_KEY_UISupportedInterfaceOrientations_iPhone = "UIInterfaceOrientationPortrait UIInterfaceOrientationLandscapeLeft UIInterfaceOrientationLandscapeRight";
				LD_RUNPATH_SEARCH_PATHS = (
					"$(inherited)",
					"@executable_path/Frameworks",
				);
				MARKETING_VERSION = 1.0;
				PRODUCT_BUNDLE_IDENTIFIER = MYCompany.CalendarPracticeCalendarKit;
				PRODUCT_NAME = "$(TARGET_NAME)";
				SWIFT_EMIT_LOC_STRINGS = YES;
				SWIFT_VERSION = 5.0;
				TARGETED_DEVICE_FAMILY = "1,2";
			};
			name = Debug;
		};
		B371DADF28079905002065C0 /* Release */ = {
			isa = XCBuildConfiguration;
			buildSettings = {
				ASSETCATALOG_COMPILER_APPICON_NAME = AppIcon;
				ASSETCATALOG_COMPILER_GLOBAL_ACCENT_COLOR_NAME = AccentColor;
				CODE_SIGN_STYLE = Automatic;
				CURRENT_PROJECT_VERSION = 1;
				GENERATE_INFOPLIST_FILE = YES;
				INFOPLIST_FILE = CalendarPracticeCalendarKit/Info.plist;
				INFOPLIST_KEY_UIApplicationSupportsIndirectInputEvents = YES;
				INFOPLIST_KEY_UILaunchStoryboardName = LaunchScreen;
				INFOPLIST_KEY_UIMainStoryboardFile = Main;
				INFOPLIST_KEY_UISupportedInterfaceOrientations_iPad = "UIInterfaceOrientationPortrait UIInterfaceOrientationPortraitUpsideDown UIInterfaceOrientationLandscapeLeft UIInterfaceOrientationLandscapeRight";
				INFOPLIST_KEY_UISupportedInterfaceOrientations_iPhone = "UIInterfaceOrientationPortrait UIInterfaceOrientationLandscapeLeft UIInterfaceOrientationLandscapeRight";
				LD_RUNPATH_SEARCH_PATHS = (
					"$(inherited)",
					"@executable_path/Frameworks",
				);
				MARKETING_VERSION = 1.0;
				PRODUCT_BUNDLE_IDENTIFIER = MYCompany.CalendarPracticeCalendarKit;
				PRODUCT_NAME = "$(TARGET_NAME)";
				SWIFT_EMIT_LOC_STRINGS = YES;
				SWIFT_VERSION = 5.0;
				TARGETED_DEVICE_FAMILY = "1,2";
			};
			name = Release;
		};
/* End XCBuildConfiguration section */

/* Begin XCConfigurationList section */
		B371DAC4280798FC002065C0 /* Build configuration list for PBXProject "CalendarPracticeCalendarKit" */ = {
			isa = XCConfigurationList;
			buildConfigurations = (
				B371DADB28079905002065C0 /* Debug */,
				B371DADC28079905002065C0 /* Release */,
			);
			defaultConfigurationIsVisible = 0;
			defaultConfigurationName = Release;
		};
		B371DADD28079905002065C0 /* Build configuration list for PBXNativeTarget "CalendarPracticeCalendarKit" */ = {
			isa = XCConfigurationList;
			buildConfigurations = (
				B371DADE28079905002065C0 /* Debug */,
				B371DADF28079905002065C0 /* Release */,
			);
			defaultConfigurationIsVisible = 0;
			defaultConfigurationName = Release;
		};
/* End XCConfigurationList section */
	};
	rootObject = B371DAC1280798FC002065C0 /* Project object */;
}
